
Microsoft Visual Studio Solution File, Format Version 12.00
# Visual Studio Version 16
VisualStudioVersion = 16.0.31729.503
MinimumVisualStudioVersion = 10.0.40219.1
Project("{FAE04EC0-301F-11D3-BF4B-00C04F79EFBC}") = "AdventOfCode2021", "AdventOfCode2021\AdventOfCode2021.csproj", "{A3FDB24E-C2E3-4E02-AAF8-FC1A580E82ED}"
EndProject
Project("{FAE04EC0-301F-11D3-BF4B-00C04F79EFBC}") = "AdventOfCode2021.Test.Unit", "AdventOfCode2021.Test.Unit\AdventOfCode2021.Test.Unit.csproj", "{D9587E9D-205C-4F7A-90CE-0DC8C2FF3717}"
EndProject
Project("{FAE04EC0-301F-11D3-BF4B-00C04F79EFBC}") = "AdventOfCodeASP", "AdventOfCodeASP\AdventOfCodeASP.csproj", "{F79D5033-E193-42E2-A5A0-5148781E1DA4}"
EndProject
Global
	GlobalSection(SolutionConfigurationPlatforms) = preSolution
		Debug|Any CPU = Debug|Any CPU
		Release|Any CPU = Release|Any CPU
	EndGlobalSection
	GlobalSection(ProjectConfigurationPlatforms) = postSolution
		{A3FDB24E-C2E3-4E02-AAF8-FC1A580E82ED}.Debug|Any CPU.ActiveCfg = Debug|Any CPU
		{A3FDB24E-C2E3-4E02-AAF8-FC1A580E82ED}.Debug|Any CPU.Build.0 = Debug|Any CPU
		{A3FDB24E-C2E3-4E02-AAF8-FC1A580E82ED}.Release|Any CPU.ActiveCfg = Release|Any CPU
		{A3FDB24E-C2E3-4E02-AAF8-FC1A580E82ED}.Release|Any CPU.Build.0 = Release|Any CPU
		{D9587E9D-205C-4F7A-90CE-0DC8C2FF3717}.Debug|Any CPU.ActiveCfg = Debug|Any CPU
		{D9587E9D-205C-4F7A-90CE-0DC8C2FF3717}.Debug|Any CPU.Build.0 = Debug|Any CPU
		{D9587E9D-205C-4F7A-90CE-0DC8C2FF3717}.Release|Any CPU.ActiveCfg = Release|Any CPU
		{D9587E9D-205C-4F7A-90CE-0DC8C2FF3717}.Release|Any CPU.Build.0 = Release|Any CPU
		{F79D5033-E193-42E2-A5A0-5148781E1DA4}.Debug|Any CPU.ActiveCfg = Debug|Any CPU
		{F79D5033-E193-42E2-A5A0-5148781E1DA4}.Debug|Any CPU.Build.0 = Debug|Any CPU
		{F79D5033-E193-42E2-A5A0-5148781E1DA4}.Release|Any CPU.ActiveCfg = Release|Any CPU
		{F79D5033-E193-42E2-A5A0-5148781E1DA4}.Release|Any CPU.Build.0 = Release|Any CPU
	EndGlobalSection
	GlobalSection(SolutionProperties) = preSolution
		HideSolutionNode = FALSE
	EndGlobalSection
	GlobalSection(ExtensibilityGlobals) = postSolution
		SolutionGuid = {B3B6C035-4441-493B-87A7-CA4F63605CCF}
	EndGlobalSection
EndGlobal
